
Microsoft Visual Studio Solution File, Format Version 12.00
# Visual Studio Version 16
VisualStudioVersion = 16.0.30523.141
MinimumVisualStudioVersion = 10.0.40219.1
Project("{FAE04EC0-301F-11D3-BF4B-00C04F79EFBC}") = "KullaniciGiris", "KullaniciGiris\KullaniciGiris.csproj", "{89B7BE20-55C0-4A9E-B447-9E8048CC4E29}"
EndProject
Project("{FAE04EC0-301F-11D3-BF4B-00C04F79EFBC}") = "AnaSayfa", "AnaSayfa\AnaSayfa.csproj", "{5091DC69-D394-4BEB-A7BA-5F53F208E89B}"
EndProject
Project("{FAE04EC0-301F-11D3-BF4B-00C04F79EFBC}") = "KullaniciEkle", "KullaniciEkle\KullaniciEkle.csproj", "{3E6E88CC-24BD-4DA9-A558-A975CC5FBF6E}"
EndProject
Project("{FAE04EC0-301F-11D3-BF4B-00C04F79EFBC}") = "KullaniciAidat", "KullaniciAidat\KullaniciAidat.csproj", "{8883BB55-BE2C-400F-BCE3-AA504A678857}"
EndProject
Global
	GlobalSection(SolutionConfigurationPlatforms) = preSolution
		Debug|Any CPU = Debug|Any CPU
		Release|Any CPU = Release|Any CPU
	EndGlobalSection
	GlobalSection(ProjectConfigurationPlatforms) = postSolution
		{89B7BE20-55C0-4A9E-B447-9E8048CC4E29}.Debug|Any CPU.ActiveCfg = Debug|Any CPU
		{89B7BE20-55C0-4A9E-B447-9E8048CC4E29}.Debug|Any CPU.Build.0 = Debug|Any CPU
		{89B7BE20-55C0-4A9E-B447-9E8048CC4E29}.Release|Any CPU.ActiveCfg = Release|Any CPU
		{89B7BE20-55C0-4A9E-B447-9E8048CC4E29}.Release|Any CPU.Build.0 = Release|Any CPU
		{5091DC69-D394-4BEB-A7BA-5F53F208E89B}.Debug|Any CPU.ActiveCfg = Debug|Any CPU
		{5091DC69-D394-4BEB-A7BA-5F53F208E89B}.Debug|Any CPU.Build.0 = Debug|Any CPU
		{5091DC69-D394-4BEB-A7BA-5F53F208E89B}.Release|Any CPU.ActiveCfg = Release|Any CPU
		{5091DC69-D394-4BEB-A7BA-5F53F208E89B}.Release|Any CPU.Build.0 = Release|Any CPU
		{3E6E88CC-24BD-4DA9-A558-A975CC5FBF6E}.Debug|Any CPU.ActiveCfg = Debug|Any CPU
		{3E6E88CC-24BD-4DA9-A558-A975CC5FBF6E}.Debug|Any CPU.Build.0 = Debug|Any CPU
		{3E6E88CC-24BD-4DA9-A558-A975CC5FBF6E}.Release|Any CPU.ActiveCfg = Release|Any CPU
		{3E6E88CC-24BD-4DA9-A558-A975CC5FBF6E}.Release|Any CPU.Build.0 = Release|Any CPU
		{8883BB55-BE2C-400F-BCE3-AA504A678857}.Debug|Any CPU.ActiveCfg = Debug|Any CPU
		{8883BB55-BE2C-400F-BCE3-AA504A678857}.Debug|Any CPU.Build.0 = Debug|Any CPU
		{8883BB55-BE2C-400F-BCE3-AA504A678857}.Release|Any CPU.ActiveCfg = Release|Any CPU
		{8883BB55-BE2C-400F-BCE3-AA504A678857}.Release|Any CPU.Build.0 = Release|Any CPU
	EndGlobalSection
	GlobalSection(SolutionProperties) = preSolution
		HideSolutionNode = FALSE
	EndGlobalSection
	GlobalSection(ExtensibilityGlobals) = postSolution
		SolutionGuid = {1AC6A7B2-290E-4309-8B66-A9C262F90CB2}
	EndGlobalSection
EndGlobal
